
Microsoft Visual Studio Solution File, Format Version 12.00
# Visual Studio 2012
Project("{F2A71F9B-5D33-465A-A702-920D77279786}") = "TestFunction", "TestFunction\TestFunction.fsproj", "{0ED2F04B-C083-4EB4-9E19-5C6ABB36313B}"
EndProject
Global
	GlobalSection(SolutionConfigurationPlatforms) = preSolution
		Debug|Any CPU = Debug|Any CPU
		Release|Any CPU = Release|Any CPU
	EndGlobalSection
	GlobalSection(ProjectConfigurationPlatforms) = postSolution
		{0ED2F04B-C083-4EB4-9E19-5C6ABB36313B}.Debug|Any CPU.ActiveCfg = Debug|Any CPU
		{0ED2F04B-C083-4EB4-9E19-5C6ABB36313B}.Debug|Any CPU.Build.0 = Debug|Any CPU
		{0ED2F04B-C083-4EB4-9E19-5C6ABB36313B}.Release|Any CPU.ActiveCfg = Release|Any CPU
		{0ED2F04B-C083-4EB4-9E19-5C6ABB36313B}.Release|Any CPU.Build.0 = Release|Any CPU
	EndGlobalSection
	GlobalSection(SolutionProperties) = preSolution
		HideSolutionNode = FALSE
	EndGlobalSection
EndGlobal
